
Microsoft Visual Studio Solution File, Format Version 12.00
# Visual Studio Version 16
VisualStudioVersion = 16.0.29324.140
MinimumVisualStudioVersion = 10.0.40219.1
Project("{FAE04EC0-301F-11D3-BF4B-00C04F79EFBC}") = "Engine", "Engine\Engine.csproj", "{2A5880BE-E9C5-4AB7-9F74-13B22DC3836D}"
EndProject
Global
	GlobalSection(SolutionConfigurationPlatforms) = preSolution
		Debug|Any CPU = Debug|Any CPU
		Release|Any CPU = Release|Any CPU
	EndGlobalSection
	GlobalSection(ProjectConfigurationPlatforms) = postSolution
		{2A5880BE-E9C5-4AB7-9F74-13B22DC3836D}.Debug|Any CPU.ActiveCfg = Debug|Any CPU
		{2A5880BE-E9C5-4AB7-9F74-13B22DC3836D}.Debug|Any CPU.Build.0 = Debug|Any CPU
		{2A5880BE-E9C5-4AB7-9F74-13B22DC3836D}.Release|Any CPU.ActiveCfg = Release|Any CPU
		{2A5880BE-E9C5-4AB7-9F74-13B22DC3836D}.Release|Any CPU.Build.0 = Release|Any CPU
	EndGlobalSection
	GlobalSection(SolutionProperties) = preSolution
		HideSolutionNode = FALSE
	EndGlobalSection
	GlobalSection(ExtensibilityGlobals) = postSolution
		SolutionGuid = {3ABF31B2-D9DE-4324-9CF6-0309D79936EE}
	EndGlobalSection
EndGlobal
